Microsoft Visual Studio Solution File, Format Version 12.00
# Visual Studio Version 17
VisualStudioVersion = 17.5.2.0
MinimumVisualStudioVersion = 10.0.40219.1
Project("{2150E333-8FDC-42A3-9474-1A3956D46DE8}") = "backend", "backend", "{1AE8ACA6-933B-BF2A-3671-3E2EAC007D16}"
EndProject
Project("{FAE04EC0-301F-11D3-BF4B-00C04F79EFBC}") = "WeeParty.Api", "backend\WeeParty.Api\WeeParty.Api.csproj", "{3B3FD2CC-C521-C888-6575-0A5EE3EEEE3F}"
EndProject
Global
	GlobalSection(SolutionConfigurationPlatforms) = preSolution
		Debug|Any CPU = Debug|Any CPU
		Release|Any CPU = Release|Any CPU
	EndGlobalSection
	GlobalSection(ProjectConfigurationPlatforms) = postSolution
		{3B3FD2CC-C521-C888-6575-0A5EE3EEEE3F}.Debug|Any CPU.ActiveCfg = Debug|Any CPU
		{3B3FD2CC-C521-C888-6575-0A5EE3EEEE3F}.Debug|Any CPU.Build.0 = Debug|Any CPU
		{3B3FD2CC-C521-C888-6575-0A5EE3EEEE3F}.Release|Any CPU.ActiveCfg = Release|Any CPU
		{3B3FD2CC-C521-C888-6575-0A5EE3EEEE3F}.Release|Any CPU.Build.0 = Release|Any CPU
	EndGlobalSection
	GlobalSection(SolutionProperties) = preSolution
		HideSolutionNode = FALSE
	EndGlobalSection
	GlobalSection(NestedProjects) = preSolution
		{3B3FD2CC-C521-C888-6575-0A5EE3EEEE3F} = {1AE8ACA6-933B-BF2A-3671-3E2EAC007D16}
	EndGlobalSection
	GlobalSection(ExtensibilityGlobals) = postSolution
		SolutionGuid = {8340F7A0-CFF4-4925-9710-CA37BCDB9CCD}
	EndGlobalSection
EndGlobal
